// !$*UTF8*$!
{
	archiveVersion = 1;
	classes = {
	};
	objectVersion = 46;
	objects = {

/* Begin PBXBuildFile section */
		9049CE1D1E8B508000BBE67E /* main.m in Sources */ = {isa = PBXBuildFile; fileRef = 9049CE1C1E8B508000BBE67E /* main.m */; };
		9049CE201E8B508000BBE67E /* AppDelegate.m in Sources */ = {isa = PBXBuildFile; fileRef = 9049CE1F1E8B508000BBE67E /* AppDelegate.m */; };
		9049CE231E8B508000BBE67E /* ViewController.m in Sources */ = {isa = PBXBuildFile; fileRef = 9049CE221E8B508000BBE67E /* ViewController.m */; };
		9049CE261E8B508000BBE67E /* Main.storyboard in Resources */ = {isa = PBXBuildFile; fileRef = 9049CE241E8B508000BBE67E /* Main.storyboard */; };
		9049CE281E8B508000BBE67E /* Assets.xcassets in Resources */ = {isa = PBXBuildFile; fileRef = 9049CE271E8B508000BBE67E /* Assets.xcassets */; };
		9049CE2B1E8B508000BBE67E /* LaunchScreen.storyboard in Resources */ = {isa = PBXBuildFile; fileRef = 9049CE291E8B508000BBE67E /* LaunchScreen.storyboard */; };
		9049CE361E8B508000BBE67E /* FZRSelectViewUITests.m in Sources */ = {isa = PBXBuildFile; fileRef = 9049CE351E8B508000BBE67E /* FZRSelectViewUITests.m */; };
		9049CE431E8B50B400BBE67E /* FZRSelectView.m in Sources */ = {isa = PBXBuildFile; fileRef = 9049CE421E8B50B400BBE67E /* FZRSelectView.m */; };
/* End PBXBuildFile section */

/* Begin PBXContainerItemProxy section */
		9049CE321E8B508000BBE67E /* PBXContainerItemProxy */ = {
			isa = PBXContainerItemProxy;
			containerPortal = 9049CE101E8B508000BBE67E /* Project object */;
			proxyType = 1;
			remoteGlobalIDString = 9049CE171E8B508000BBE67E;
			remoteInfo = FZRSelectView;
		};
/* End PBXContainerItemProxy section */

/* Begin PBXFileReference section */
		9049CE181E8B508000BBE67E /* FZRSelectView.app */ = {isa = PBXFileReference; explicitFileType = wrapper.application; includeInIndex = 0; path = FZRSelectView.app; sourceTree = BUILT_PRODUCTS_DIR; };
		9049CE1C1E8B508000BBE67E /* main.m */ = {isa = PBXFileReference; lastKnownFileType = sourcecode.c.objc; path = main.m; sourceTree = "<group>"; };
		9049CE1E1E8B508000BBE67E /* AppDelegate.h */ = {isa = PBXFileReference; lastKnownFileType = sourcecode.c.h; path = AppDelegate.h; sourceTree = "<group>"; };
		9049CE1F1E8B508000BBE67E /* AppDelegate.m */ = {isa = PBXFileReference; lastKnownFileType = sourcecode.c.objc; path = AppDelegate.m; sourceTree = "<group>"; };
		9049CE211E8B508000BBE67E /* ViewController.h */ = {isa = PBXFileReference; lastKnownFileType = sourcecode.c.h; path = ViewController.h; sourceTree = "<group>"; };
		9049CE221E8B508000BBE67E /* ViewController.m */ = {isa = PBXFileReference; lastKnownFileType = sourcecode.c.objc; path = ViewController.m; sourceTree = "<group>"; };
		9049CE251E8B508000BBE67E /* Base */ = {isa = PBXFileReference; lastKnownFileType = file.storyboard; name = Base; path = Base.lproj/Main.storyboard; sourceTree = "<group>"; };
		9049CE271E8B508000BBE67E /* Assets.xcassets */ = {isa = PBXFileReference; lastKnownFileType = folder.assetcatalog; path = Assets.xcassets; sourceTree = "<group>"; };
		9049CE2A1E8B508000BBE67E /* Base */ = {isa = PBXFileReference; lastKnownFileType = file.storyboard; name = Base; path = Base.lproj/LaunchScreen.storyboard; sourceTree = "<group>"; };
		9049CE2C1E8B508000BBE67E /* Info.plist */ = {isa = PBXFileReference; lastKnownFileType = text.plist.xml; path = Info.plist; sourceTree = "<group>"; };
		9049CE311E8B508000BBE67E /* FZRSelectViewUITests.xctest */ = {isa = PBXFileReference; explicitFileType = wrapper.cfbundle; includeInIndex = 0; path = FZRSelectViewUITests.xctest; sourceTree = BUILT_PRODUCTS_DIR; };
		9049CE351E8B508000BBE67E /* FZRSelectViewUITests.m */ = {isa = PBXFileReference; lastKnownFileType = sourcecode.c.objc; path = FZRSelectViewUITests.m; sourceTree = "<group>"; };
		9049CE371E8B508000BBE67E /* Info.plist */ = {isa = PBXFileReference; lastKnownFileType = text.plist.xml; path = Info.plist; sourceTree = "<group>"; };
		9049CE411E8B50B400BBE67E /* FZRSelectView.h */ = {isa = PBXFileReference; fileEncoding = 4; lastKnownFileType = sourcecode.c.h; path = FZRSelectView.h; sourceTree = "<group>"; };
		9049CE421E8B50B400BBE67E /* FZRSelectView.m */ = {isa = PBXFileReference; fileEncoding = 4; lastKnownFileType = sourcecode.c.objc; path = FZRSelectView.m; sourceTree = "<group>"; };
/* End PBXFileReference section */

/* Begin PBXFrameworksBuildPhase section */
		9049CE151E8B508000BBE67E /* Frameworks */ = {
			isa = PBXFrameworksBuildPhase;
			buildActionMask = 2147483647;
			files = (
			);
			runOnlyForDeploymentPostprocessing = 0;
		};
		9049CE2E1E8B508000BBE67E /* Frameworks */ = {
			isa = PBXFrameworksBuildPhase;
			buildActionMask = 2147483647;
			files = (
			);
			runOnlyForDeploymentPostprocessing = 0;
		};
/* End PBXFrameworksBuildPhase section */

/* Begin PBXGroup section */
		9049CE0F1E8B508000BBE67E = {
			isa = PBXGroup;
			children = (
				9049CE1A1E8B508000BBE67E /* FZRSelectView */,
				9049CE341E8B508000BBE67E /* FZRSelectViewUITests */,
				9049CE191E8B508000BBE67E /* Products */,
			);
			sourceTree = "<group>";
		};
		9049CE191E8B508000BBE67E /* Products */ = {
			isa = PBXGroup;
			children = (
				9049CE181E8B508000BBE67E /* FZRSelectView.app */,
				9049CE311E8B508000BBE67E /* FZRSelectViewUITests.xctest */,
			);
			name = Products;
			sourceTree = "<group>";
		};
		9049CE1A1E8B508000BBE67E /* FZRSelectView */ = {
			isa = PBXGroup;
			children = (
				9049CE401E8B509300BBE67E /* FZRSelectView */,
				9049CE1E1E8B508000BBE67E /* AppDelegate.h */,
				9049CE1F1E8B508000BBE67E /* AppDelegate.m */,
				9049CE211E8B508000BBE67E /* ViewController.h */,
				9049CE221E8B508000BBE67E /* ViewController.m */,
				9049CE241E8B508000BBE67E /* Main.storyboard */,
				9049CE271E8B508000BBE67E /* Assets.xcassets */,
				9049CE291E8B508000BBE67E /* LaunchScreen.storyboard */,
				9049CE2C1E8B508000BBE67E /* Info.plist */,
				9049CE1B1E8B508000BBE67E /* Supporting Files */,
			);
			path = FZRSelectView;
			sourceTree = "<group>";
		};
		9049CE1B1E8B508000BBE67E /* Supporting Files */ = {
			isa = PBXGroup;
			children = (
				9049CE1C1E8B508000BBE67E /* main.m */,
			);
			name = "Supporting Files";
			sourceTree = "<group>";
		};
		9049CE341E8B508000BBE67E /* FZRSelectViewUITests */ = {
			isa = PBXGroup;
			children = (
				9049CE351E8B508000BBE67E /* FZRSelectViewUITests.m */,
				9049CE371E8B508000BBE67E /* Info.plist */,
			);
			path = FZRSelectViewUITests;
			sourceTree = "<group>";
		};
		9049CE401E8B509300BBE67E /* FZRSelectView */ = {
			isa = PBXGroup;
			children = (
				9049CE411E8B50B400BBE67E /* FZRSelectView.h */,
				9049CE421E8B50B400BBE67E /* FZRSelectView.m */,
			);
			path = FZRSelectView;
			sourceTree = "<group>";
		};
/* End PBXGroup section */

/* Begin PBXNativeTarget section */
		9049CE171E8B508000BBE67E /* FZRSelectView */ = {
			isa = PBXNativeTarget;
			buildConfigurationList = 9049CE3A1E8B508000BBE67E /* Build configuration list for PBXNativeTarget "FZRSelectView" */;
			buildPhases = (
				9049CE141E8B508000BBE67E /* Sources */,
				9049CE151E8B508000BBE67E /* Frameworks */,
				9049CE161E8B508000BBE67E /* Resources */,
			);
			buildRules = (
			);
			dependencies = (
			);
			name = FZRSelectView;
			productName = FZRSelectView;
			productReference = 9049CE181E8B508000BBE67E /* FZRSelectView.app */;
			productType = "com.apple.product-type.application";
		};
		9049CE301E8B508000BBE67E /* FZRSelectViewUITests */ = {
			isa = PBXNativeTarget;
			buildConfigurationList = 9049CE3D1E8B508000BBE67E /* Build configuration list for PBXNativeTarget "FZRSelectViewUITests" */;
			buildPhases = (
				9049CE2D1E8B508000BBE67E /* Sources */,
				9049CE2E1E8B508000BBE67E /* Frameworks */,
				9049CE2F1E8B508000BBE67E /* Resources */,
			);
			buildRules = (
			);
			dependencies = (
				9049CE331E8B508000BBE67E /* PBXTargetDependency */,
			);
			name = FZRSelectViewUITests;
			productName = FZRSelectViewUITests;
			productReference = 9049CE311E8B508000BBE67E /* FZRSelectViewUITests.xctest */;
			productType = "com.apple.product-type.bundle.ui-testing";
		};
/* End PBXNativeTarget section */

/* Begin PBXProject section */
		9049CE101E8B508000BBE67E /* Project object */ = {
			isa = PBXProject;
			attributes = {
				LastUpgradeCheck = 0820;
				ORGANIZATIONNAME = fuzhaurui;
				TargetAttributes = {
					9049CE171E8B508000BBE67E = {
						CreatedOnToolsVersion = 8.2.1;
						DevelopmentTeam = 7MVS3B9RMY;
						ProvisioningStyle = Automatic;
					};
					9049CE301E8B508000BBE67E = {
						CreatedOnToolsVersion = 8.2.1;
						DevelopmentTeam = 7MVS3B9RMY;
						ProvisioningStyle = Automatic;
						TestTargetID = 9049CE171E8B508000BBE67E;
					};
				};
			};
			buildConfigurationList = 9049CE131E8B508000BBE67E /* Build configuration list for PBXProject "FZRSelectView" */;
			compatibilityVersion = "Xcode 3.2";
			developmentRegion = English;
			hasScannedForEncodings = 0;
			knownRegions = (
				en,
				Base,
			);
			mainGroup = 9049CE0F1E8B508000BBE67E;
			productRefGroup = 9049CE191E8B508000BBE67E /* Products */;
			projectDirPath = "";
			projectRoot = "";
			targets = (
				9049CE171E8B508000BBE67E /* FZRSelectView */,
				9049CE301E8B508000BBE67E /* FZRSelectViewUITests */,
			);
		};
/* End PBXProject section */

/* Begin PBXResourcesBuildPhase section */
		9049CE161E8B508000BBE67E /* Resources */ = {
			isa = PBXResourcesBuildPhase;
			buildActionMask = 2147483647;
			files = (
				9049CE2B1E8B508000BBE67E /* LaunchScreen.storyboard in Resources */,
				9049CE281E8B508000BBE67E /* Assets.xcassets in Resources */,
				9049CE261E8B508000BBE67E /* Main.storyboard in Resources */,
			);
			runOnlyForDeploymentPostprocessing = 0;
		};
		9049CE2F1E8B508000BBE67E /* Resources */ = {
			isa = PBXResourcesBuildPhase;
			buildActionMask = 2147483647;
			files = (
			);
			runOnlyForDeploymentPostprocessing = 0;
		};
/* End PBXResourcesBuildPhase section */

/* Begin PBXSourcesBuildPhase section */
		9049CE141E8B508000BBE67E /* Sources */ = {
			isa = PBXSourcesBuildPhase;
			buildActionMask = 2147483647;
			files = (
				9049CE231E8B508000BBE67E /* ViewController.m in Sources */,
				9049CE201E8B508000BBE67E /* AppDelegate.m in Sources */,
				9049CE1D1E8B508000BBE67E /* main.m in Sources */,
				9049CE431E8B50B400BBE67E /* FZRSelectView.m in Sources */,
			);
			runOnlyForDeploymentPostprocessing = 0;
		};
		9049CE2D1E8B508000BBE67E /* Sources */ = {
			isa = PBXSourcesBuildPhase;
			buildActionMask = 2147483647;
			files = (
				9049CE361E8B508000BBE67E /* FZRSelectViewUITests.m in Sources */,
			);
			runOnlyForDeploymentPostprocessing = 0;
		};
/* End PBXSourcesBuildPhase section */

/* Begin PBXTargetDependency section */
		9049CE331E8B508000BBE67E /* PBXTargetDependency */ = {
			isa = PBXTargetDependency;
			target = 9049CE171E8B508000BBE67E /* FZRSelectView */;
			targetProxy = 9049CE321E8B508000BBE67E /* PBXContainerItemProxy */;
		};
/* End PBXTargetDependency section */

/* Begin PBXVariantGroup section */
		9049CE241E8B508000BBE67E /* Main.storyboard */ = {
			isa = PBXVariantGroup;
			children = (
				9049CE251E8B508000BBE67E /* Base */,
			);
			name = Main.storyboard;
			sourceTree = "<group>";
		};
		9049CE291E8B508000BBE67E /* LaunchScreen.storyboard */ = {
			isa = PBXVariantGroup;
			children = (
				9049CE2A1E8B508000BBE67E /* Base */,
			);
			name = LaunchScreen.storyboard;
			sourceTree = "<group>";
		};
/* End PBXVariantGroup section */

/* Begin XCBuildConfiguration section */
		9049CE381E8B508000BBE67E /* Debug */ = {
			isa = XCBuildConfiguration;
			buildSettings = {
				ALWAYS_SEARCH_USER_PATHS = NO;
				CLANG_ANALYZER_NONNULL = YES;
				CLANG_CXX_LANGUAGE_STANDARD = "gnu++0x";
				CLANG_CXX_LIBRARY = "libc++";
				CLANG_ENABLE_MODULES = YES;
				CLANG_ENABLE_OBJC_ARC = YES;
				CLANG_WARN_BOOL_CONVERSION = YES;
				CLANG_WARN_CONSTANT_CONVERSION = YES;
				CLANG_WARN_DIRECT_OBJC_ISA_USAGE = YES_ERROR;
				CLANG_WARN_DOCUMENTATION_COMMENTS = YES;
				CLANG_WARN_EMPTY_BODY = YES;
				CLANG_WARN_ENUM_CONVERSION = YES;
				CLANG_WARN_INFINITE_RECURSION = YES;
				CLANG_WARN_INT_CONVERSION = YES;
				CLANG_WARN_OBJC_ROOT_CLASS = YES_ERROR;
				CLANG_WARN_SUSPICIOUS_MOVE = YES;
				CLANG_WARN_UNREACHABLE_CODE = YES;
				CLANG_WARN__DUPLICATE_METHOD_MATCH = YES;
				"CODE_SIGN_IDENTITY[sdk=iphoneos*]" = "iPhone Developer";
				COPY_PHASE_STRIP = NO;
				DEBUG_INFORMATION_FORMAT = dwarf;
				ENABLE_STRICT_OBJC_MSGSEND = YES;
				ENABLE_TESTABILITY = YES;
				GCC_C_LANGUAGE_STANDARD = gnu99;
				GCC_DYNAMIC_NO_PIC = NO;
				GCC_NO_COMMON_BLOCKS = YES;
				GCC_OPTIMIZATION_LEVEL = 0;
				GCC_PREPROCESSOR_DEFINITIONS = (
					"DEBUG=1",
					"$(inherited)",
				);
				GCC_WARN_64_TO_32_BIT_CONVERSION = YES;
				GCC_WARN_ABOUT_RETURN_TYPE = YES_ERROR;
				GCC_WARN_UNDECLARED_SELECTOR = YES;
				GCC_WARN_UNINITIALIZED_AUTOS = YES_AGGRESSIVE;
				GCC_WARN_UNUSED_FUNCTION = YES;
				GCC_WARN_UNUSED_VARIABLE = YES;
				IPHONEOS_DEPLOYMENT_TARGET = 10.2;
				MTL_ENABLE_DEBUG_INFO = YES;
				ONLY_ACTIVE_ARCH = YES;
				SDKROOT = iphoneos;
			};
			name = Debug;
		};
		9049CE391E8B508000BBE67E /* Release */ = {
			isa = XCBuildConfiguration;
			buildSettings = {
				ALWAYS_SEARCH_USER_PATHS = NO;
				CLANG_ANALYZER_NONNULL = YES;
				CLANG_CXX_LANGUAGE_STANDARD = "gnu++0x";
				CLANG_CXX_LIBRARY = "libc++";
				CLANG_ENABLE_MODULES = YES;
				CLANG_ENABLE_OBJC_ARC = YES;
				CLANG_WARN_BOOL_CONVERSION = YES;
				CLANG_WARN_CONSTANT_CONVERSION = YES;
				CLANG_WARN_DIRECT_OBJC_ISA_USAGE = YES_ERROR;
				CLANG_WARN_DOCUMENTATION_COMMENTS = YES;
				CLANG_WARN_EMPTY_BODY = YES;
				CLANG_WARN_ENUM_CONVERSION = YES;
				CLANG_WARN_INFINITE_RECURSION = YES;
				CLANG_WARN_INT_CONVERSION = YES;
				CLANG_WARN_OBJC_ROOT_CLASS = YES_ERROR;
				CLANG_WARN_SUSPICIOUS_MOVE = YES;
				CLANG_WARN_UNREACHABLE_CODE = YES;
				CLANG_WARN__DUPLICATE_METHOD_MATCH = YES;
				"CODE_SIGN_IDENTITY[sdk=iphoneos*]" = "iPhone Developer";
				COPY_PHASE_STRIP = NO;
				DEBUG_INFORMATION_FORMAT = "dwarf-with-dsym";
				ENABLE_NS_ASSERTIONS = NO;
				ENABLE_STRICT_OBJC_MSGSEND = YES;
				GCC_C_LANGUAGE_STANDARD = gnu99;
				GCC_NO_COMMON_BLOCKS = YES;
				GCC_WARN_64_TO_32_BIT_CONVERSION = YES;
				GCC_WARN_ABOUT_RETURN_TYPE = YES_ERROR;
				GCC_WARN_UNDECLARED_SELECTOR = YES;
				GCC_WARN_UNINITIALIZED_AUTOS = YES_AGGRESSIVE;
				GCC_WARN_UNUSED_FUNCTION = YES;
				GCC_WARN_UNUSED_VARIABLE = YES;
				IPHONEOS_DEPLOYMENT_TARGET = 10.2;
				MTL_ENABLE_DEBUG_INFO = NO;
				SDKROOT = iphoneos;
				VALIDATE_PRODUCT = YES;
			};
			name = Release;
		};
		9049CE3B1E8B508000BBE67E /* Debug */ = {
			isa = XCBuildConfiguration;
			buildSettings = {
				ASSETCATALOG_COMPILER_APPICON_NAME = AppIcon;
				DEVELOPMENT_TEAM = 7MVS3B9RMY;
				INFOPLIST_FILE = FZRSelectView/Info.plist;
				LD_RUNPATH_SEARCH_PATHS = "$(inherited) @executable_path/Frameworks";
				PRODUCT_BUNDLE_IDENTIFIER = com.huodull.FZRSelectView;
				PRODUCT_NAME = "$(TARGET_NAME)";
			};
			name = Debug;
		};
		9049CE3C1E8B508000BBE67E /* Release */ = {
			isa = XCBuildConfiguration;
			buildSettings = {
				ASSETCATALOG_COMPILER_APPICON_NAME = AppIcon;
				DEVELOPMENT_TEAM = 7MVS3B9RMY;
				INFOPLIST_FILE = FZRSelectView/Info.plist;
				LD_RUNPATH_SEARCH_PATHS = "$(inherited) @executable_path/Frameworks";
				PRODUCT_BUNDLE_IDENTIFIER = com.huodull.FZRSelectView;
				PRODUCT_NAME = "$(TARGET_NAME)";
			};
			name = Release;
		};
		9049CE3E1E8B508000BBE67E /* Debug */ = {
			isa = XCBuildConfiguration;
			buildSettings = {
				DEVELOPMENT_TEAM = 7MVS3B9RMY;
				INFOPLIST_FILE = FZRSelectViewUITests/Info.plist;
				LD_RUNPATH_SEARCH_PATHS = "$(inherited) @executable_path/Frameworks @loader_path/Frameworks";
				PRODUCT_BUNDLE_IDENTIFIER = com.huodull.FZRSelectViewUITests;
				PRODUCT_NAME = "$(TARGET_NAME)";
				TEST_TARGET_NAME = FZRSelectView;
			};
			name = Debug;
		};
		9049CE3F1E8B508000BBE67E /* Release */ = {
			isa = XCBuildConfiguration;
			buildSettings = {
				DEVELOPMENT_TEAM = 7MVS3B9RMY;
				INFOPLIST_FILE = FZRSelectViewUITests/Info.plist;
				LD_RUNPATH_SEARCH_PATHS = "$(inherited) @executable_path/Frameworks @loader_path/Frameworks";
				PRODUCT_BUNDLE_IDENTIFIER = com.huodull.FZRSelectViewUITests;
				PRODUCT_NAME = "$(TARGET_NAME)";
				TEST_TARGET_NAME = FZRSelectView;
			};
			name = Release;
		};
/* End XCBuildConfiguration section */

/* Begin XCConfigurationList section */
		9049CE131E8B508000BBE67E /* Build configuration list for PBXProject "FZRSelectView" */ = {
			isa = XCConfigurationList;
			buildConfigurations = (
				9049CE381E8B508000BBE67E /* Debug */,
				9049CE391E8B508000BBE67E /* Release */,
			);
			defaultConfigurationIsVisible = 0;
			defaultConfigurationName = Release;
		};
		9049CE3A1E8B508000BBE67E /* Build configuration list for PBXNativeTarget "FZRSelectView" */ = {
			isa = XCConfigurationList;
			buildConfigurations = (
				9049CE3B1E8B508000BBE67E /* Debug */,
				9049CE3C1E8B508000BBE67E /* Release */,
			);
			defaultConfigurationIsVisible = 0;
		};
		9049CE3D1E8B508000BBE67E /* Build configuration list for PBXNativeTarget "FZRSelectViewUITests" */ = {
			isa = XCConfigurationList;
			buildConfigurations = (
				9049CE3E1E8B508000BBE67E /* Debug */,
				9049CE3F1E8B508000BBE67E /* Release */,
			);
			defaultConfigurationIsVisible = 0;
		};
/* End XCConfigurationList section */
	};
	rootObject = 9049CE101E8B508000BBE67E /* Project object */;
}
